
Microsoft Visual Studio Solution File, Format Version 12.00
# Visual Studio Version 16
VisualStudioVersion = 16.0.29519.181
MinimumVisualStudioVersion = 10.0.40219.1
Project("{FAE04EC0-301F-11D3-BF4B-00C04F79EFBC}") = "PL", "PL\PL.csproj", "{77EF8A20-8DFE-4E32-8C41-D5A3D05759E2}"
EndProject
Project("{FAE04EC0-301F-11D3-BF4B-00C04F79EFBC}") = "Entity", "Entity\Entity.csproj", "{EE60C9A4-F80A-4FFA-8680-5C245F178704}"
EndProject
Project("{FAE04EC0-301F-11D3-BF4B-00C04F79EFBC}") = "DAO", "DAO\DAO.csproj", "{0EEA2BEF-0EE1-4611-A018-B33A7D7BEC78}"
EndProject
Project("{FAE04EC0-301F-11D3-BF4B-00C04F79EFBC}") = "BLL", "BLL\BLL.csproj", "{4B24E490-43EA-4C94-BA4E-004398BD0C09}"
EndProject
Global
	GlobalSection(SolutionConfigurationPlatforms) = preSolution
		Debug|Any CPU = Debug|Any CPU
		Release|Any CPU = Release|Any CPU
	EndGlobalSection
	GlobalSection(ProjectConfigurationPlatforms) = postSolution
		{77EF8A20-8DFE-4E32-8C41-D5A3D05759E2}.Debug|Any CPU.ActiveCfg = Debug|Any CPU
		{77EF8A20-8DFE-4E32-8C41-D5A3D05759E2}.Debug|Any CPU.Build.0 = Debug|Any CPU
		{77EF8A20-8DFE-4E32-8C41-D5A3D05759E2}.Release|Any CPU.ActiveCfg = Release|Any CPU
		{77EF8A20-8DFE-4E32-8C41-D5A3D05759E2}.Release|Any CPU.Build.0 = Release|Any CPU
		{EE60C9A4-F80A-4FFA-8680-5C245F178704}.Debug|Any CPU.ActiveCfg = Debug|Any CPU
		{EE60C9A4-F80A-4FFA-8680-5C245F178704}.Debug|Any CPU.Build.0 = Debug|Any CPU
		{EE60C9A4-F80A-4FFA-8680-5C245F178704}.Release|Any CPU.ActiveCfg = Release|Any CPU
		{EE60C9A4-F80A-4FFA-8680-5C245F178704}.Release|Any CPU.Build.0 = Release|Any CPU
		{0EEA2BEF-0EE1-4611-A018-B33A7D7BEC78}.Debug|Any CPU.ActiveCfg = Debug|Any CPU
		{0EEA2BEF-0EE1-4611-A018-B33A7D7BEC78}.Debug|Any CPU.Build.0 = Debug|Any CPU
		{0EEA2BEF-0EE1-4611-A018-B33A7D7BEC78}.Release|Any CPU.ActiveCfg = Release|Any CPU
		{0EEA2BEF-0EE1-4611-A018-B33A7D7BEC78}.Release|Any CPU.Build.0 = Release|Any CPU
		{4B24E490-43EA-4C94-BA4E-004398BD0C09}.Debug|Any CPU.ActiveCfg = Debug|Any CPU
		{4B24E490-43EA-4C94-BA4E-004398BD0C09}.Debug|Any CPU.Build.0 = Debug|Any CPU
		{4B24E490-43EA-4C94-BA4E-004398BD0C09}.Release|Any CPU.ActiveCfg = Release|Any CPU
		{4B24E490-43EA-4C94-BA4E-004398BD0C09}.Release|Any CPU.Build.0 = Release|Any CPU
	EndGlobalSection
	GlobalSection(SolutionProperties) = preSolution
		HideSolutionNode = FALSE
	EndGlobalSection
	GlobalSection(ExtensibilityGlobals) = postSolution
		SolutionGuid = {EA0FEA24-AA0F-4EAE-B5E3-47B377C35CBC}
	EndGlobalSection
EndGlobal
